
Microsoft Visual Studio Solution File, Format Version 12.00
# Visual Studio Version 16
VisualStudioVersion = 16.0.29721.120
MinimumVisualStudioVersion = 10.0.40219.1
Project("{9A19103F-16F7-4668-BE54-9A1E7A4F7556}") = "API", "API\API.csproj", "{2C2B4E36-F2CB-4A72-94DF-D0D2CECCAF44}"
EndProject
Project("{2150E333-8FDC-42A3-9474-1A3956D46DE8}") = "Libraries", "Libraries", "{AB3D3C5C-F220-4E99-B6A9-8F7B4EA4FBB4}"
EndProject
Project("{FAE04EC0-301F-11D3-BF4B-00C04F79EFBC}") = "RSLab.Core", "RSLab.Core\RSLab.Core.csproj", "{CE90B767-88AC-4281-AE21-67498541F875}"
EndProject
Project("{FAE04EC0-301F-11D3-BF4B-00C04F79EFBC}") = "RSLab.EF", "RSLab.EF\RSLab.EF.csproj", "{E3D06FC0-A922-4ED5-98FD-1E4C17D47127}"
EndProject
Project("{FAE04EC0-301F-11D3-BF4B-00C04F79EFBC}") = "RSLab.RemoteCall", "RSLab.RemoteCall\RSLab.RemoteCall.csproj", "{5E9FE563-6F47-4FF3-A0C9-84811769B8C3}"
EndProject
Project("{FAE04EC0-301F-11D3-BF4B-00C04F79EFBC}") = "RSLab.Test", "RSLab.Test\RSLab.Test.csproj", "{698CC12A-DD27-4192-AF0A-AE5FDEF31961}"
EndProject
Project("{FAE04EC0-301F-11D3-BF4B-00C04F79EFBC}") = "RSLab.WebAPI", "RSLab.WebAPI\RSLab.WebAPI.csproj", "{B1A81FAE-73F5-4BD5-9EC3-A7666B3F3A06}"
EndProject
Project("{FAE04EC0-301F-11D3-BF4B-00C04F79EFBC}") = "RSLab.Razor", "RSLab.Razor\RSLab.Razor.csproj", "{D44743D7-76C3-4271-BDC0-CA99AACEDA07}"
EndProject
Global
	GlobalSection(SolutionConfigurationPlatforms) = preSolution
		Debug|Any CPU = Debug|Any CPU
		Release|Any CPU = Release|Any CPU
	EndGlobalSection
	GlobalSection(ProjectConfigurationPlatforms) = postSolution
		{2C2B4E36-F2CB-4A72-94DF-D0D2CECCAF44}.Debug|Any CPU.ActiveCfg = Debug|Any CPU
		{2C2B4E36-F2CB-4A72-94DF-D0D2CECCAF44}.Debug|Any CPU.Build.0 = Debug|Any CPU
		{2C2B4E36-F2CB-4A72-94DF-D0D2CECCAF44}.Release|Any CPU.ActiveCfg = Release|Any CPU
		{2C2B4E36-F2CB-4A72-94DF-D0D2CECCAF44}.Release|Any CPU.Build.0 = Release|Any CPU
		{CE90B767-88AC-4281-AE21-67498541F875}.Debug|Any CPU.ActiveCfg = Debug|Any CPU
		{CE90B767-88AC-4281-AE21-67498541F875}.Debug|Any CPU.Build.0 = Debug|Any CPU
		{CE90B767-88AC-4281-AE21-67498541F875}.Release|Any CPU.ActiveCfg = Release|Any CPU
		{CE90B767-88AC-4281-AE21-67498541F875}.Release|Any CPU.Build.0 = Release|Any CPU
		{E3D06FC0-A922-4ED5-98FD-1E4C17D47127}.Debug|Any CPU.ActiveCfg = Debug|Any CPU
		{E3D06FC0-A922-4ED5-98FD-1E4C17D47127}.Debug|Any CPU.Build.0 = Debug|Any CPU
		{E3D06FC0-A922-4ED5-98FD-1E4C17D47127}.Release|Any CPU.ActiveCfg = Release|Any CPU
		{E3D06FC0-A922-4ED5-98FD-1E4C17D47127}.Release|Any CPU.Build.0 = Release|Any CPU
		{5E9FE563-6F47-4FF3-A0C9-84811769B8C3}.Debug|Any CPU.ActiveCfg = Debug|Any CPU
		{5E9FE563-6F47-4FF3-A0C9-84811769B8C3}.Debug|Any CPU.Build.0 = Debug|Any CPU
		{5E9FE563-6F47-4FF3-A0C9-84811769B8C3}.Release|Any CPU.ActiveCfg = Release|Any CPU
		{5E9FE563-6F47-4FF3-A0C9-84811769B8C3}.Release|Any CPU.Build.0 = Release|Any CPU
		{698CC12A-DD27-4192-AF0A-AE5FDEF31961}.Debug|Any CPU.ActiveCfg = Debug|Any CPU
		{698CC12A-DD27-4192-AF0A-AE5FDEF31961}.Debug|Any CPU.Build.0 = Debug|Any CPU
		{698CC12A-DD27-4192-AF0A-AE5FDEF31961}.Release|Any CPU.ActiveCfg = Release|Any CPU
		{698CC12A-DD27-4192-AF0A-AE5FDEF31961}.Release|Any CPU.Build.0 = Release|Any CPU
		{B1A81FAE-73F5-4BD5-9EC3-A7666B3F3A06}.Debug|Any CPU.ActiveCfg = Debug|Any CPU
		{B1A81FAE-73F5-4BD5-9EC3-A7666B3F3A06}.Debug|Any CPU.Build.0 = Debug|Any CPU
		{B1A81FAE-73F5-4BD5-9EC3-A7666B3F3A06}.Release|Any CPU.ActiveCfg = Release|Any CPU
		{B1A81FAE-73F5-4BD5-9EC3-A7666B3F3A06}.Release|Any CPU.Build.0 = Release|Any CPU
		{D44743D7-76C3-4271-BDC0-CA99AACEDA07}.Debug|Any CPU.ActiveCfg = Debug|Any CPU
		{D44743D7-76C3-4271-BDC0-CA99AACEDA07}.Debug|Any CPU.Build.0 = Debug|Any CPU
		{D44743D7-76C3-4271-BDC0-CA99AACEDA07}.Release|Any CPU.ActiveCfg = Release|Any CPU
		{D44743D7-76C3-4271-BDC0-CA99AACEDA07}.Release|Any CPU.Build.0 = Release|Any CPU
	EndGlobalSection
	GlobalSection(SolutionProperties) = preSolution
		HideSolutionNode = FALSE
	EndGlobalSection
	GlobalSection(NestedProjects) = preSolution
		{CE90B767-88AC-4281-AE21-67498541F875} = {AB3D3C5C-F220-4E99-B6A9-8F7B4EA4FBB4}
		{E3D06FC0-A922-4ED5-98FD-1E4C17D47127} = {AB3D3C5C-F220-4E99-B6A9-8F7B4EA4FBB4}
		{5E9FE563-6F47-4FF3-A0C9-84811769B8C3} = {AB3D3C5C-F220-4E99-B6A9-8F7B4EA4FBB4}
		{698CC12A-DD27-4192-AF0A-AE5FDEF31961} = {AB3D3C5C-F220-4E99-B6A9-8F7B4EA4FBB4}
		{B1A81FAE-73F5-4BD5-9EC3-A7666B3F3A06} = {AB3D3C5C-F220-4E99-B6A9-8F7B4EA4FBB4}
		{D44743D7-76C3-4271-BDC0-CA99AACEDA07} = {AB3D3C5C-F220-4E99-B6A9-8F7B4EA4FBB4}
	EndGlobalSection
	GlobalSection(ExtensibilityGlobals) = postSolution
		SolutionGuid = {9ABE9BC5-FBB6-4480-BE7F-9A77C5FF9433}
	EndGlobalSection
EndGlobal
