
Microsoft Visual Studio Solution File, Format Version 12.00
# Visual Studio Version 16
VisualStudioVersion = 16.0.29721.120
MinimumVisualStudioVersion = 10.0.40219.1
Project("{2150E333-8FDC-42A3-9474-1A3956D46DE8}") = "RSLab.Library", "RSLab.Library", "{AB3D3C5C-F220-4E99-B6A9-8F7B4EA4FBB4}"
EndProject
Project("{2150E333-8FDC-42A3-9474-1A3956D46DE8}") = "RSLab.Tests", "RSLab.Tests", "{4EA732AB-C740-46D0-8EDE-B21D51CF6AC8}"
EndProject
Project("{2150E333-8FDC-42A3-9474-1A3956D46DE8}") = "UnitTests", "UnitTests", "{5962804C-FEF1-4B6A-9C18-08C95BC1C423}"
EndProject
Project("{2150E333-8FDC-42A3-9474-1A3956D46DE8}") = "IntegrationTests", "IntegrationTests", "{72E070B9-FFBB-4254-AB89-EB58F50ED40B}"
EndProject
Project("{9A19103F-16F7-4668-BE54-9A1E7A4F7556}") = "RSLab.Core", "RSLab.Library\RSLab.Core\RSLab.Core.csproj", "{C0876F35-757B-4EA7-8C78-D174CFAB6EB3}"
EndProject
Project("{9A19103F-16F7-4668-BE54-9A1E7A4F7556}") = "RSLab.EF", "RSLab.Library\RSLab.EF\RSLab.EF.csproj", "{7EC4AC0D-E4B0-432E-83FF-225F8767A1C2}"
EndProject
Project("{9A19103F-16F7-4668-BE54-9A1E7A4F7556}") = "RSLab.Test", "RSLab.Library\RSLab.Test\RSLab.Test.csproj", "{F1D42E7B-C411-43B0-8BF0-9CD488696C35}"
EndProject
Project("{9A19103F-16F7-4668-BE54-9A1E7A4F7556}") = "RSLab.Razor", "RSLab.Library\RSLab.Razor\RSLab.Razor.csproj", "{FBA230CE-11D2-4C1D-97A5-6ED6A035CFB7}"
EndProject
Project("{9A19103F-16F7-4668-BE54-9A1E7A4F7556}") = "RSLab.RemoteCall", "RSLab.Library\RSLab.RemoteCall\RSLab.RemoteCall.csproj", "{3EE02446-F8F9-402F-B1D0-A60B5CB85E34}"
EndProject
Project("{9A19103F-16F7-4668-BE54-9A1E7A4F7556}") = "XUnitTests", "RSLab.Tests\XUnitTests\XUnitTests.csproj", "{1E4C9D01-8E7D-4065-B2F0-D75B4054E1FF}"
EndProject
Project("{9A19103F-16F7-4668-BE54-9A1E7A4F7556}") = "NUnitTests", "RSLab.Tests\NUnitTests\NUnitTests.csproj", "{6112B8B6-FF4B-4A97-A56D-09A2D2CFC7A1}"
EndProject
Project("{9A19103F-16F7-4668-BE54-9A1E7A4F7556}") = "RSLab.DAL", "RSLab.DAL\RSLab.DAL.csproj", "{956E331A-589C-44F1-91FD-535852236929}"
EndProject
Project("{9A19103F-16F7-4668-BE54-9A1E7A4F7556}") = "RSLab.BL", "RSLab.BL\RSLab.BL.csproj", "{B2E18C66-FBF6-4F31-B188-050D526100E1}"
EndProject
Project("{FAE04EC0-301F-11D3-BF4B-00C04F79EFBC}") = "RSLab.WepAPI", "RSLab.WepAPI\RSLab.WepAPI.csproj", "{484BF11F-58B9-4A7C-8434-AD24B50217BD}"
EndProject
Global
	GlobalSection(SolutionConfigurationPlatforms) = preSolution
		Debug|Any CPU = Debug|Any CPU
		Release|Any CPU = Release|Any CPU
	EndGlobalSection
	GlobalSection(ProjectConfigurationPlatforms) = postSolution
		{C0876F35-757B-4EA7-8C78-D174CFAB6EB3}.Debug|Any CPU.ActiveCfg = Debug|Any CPU
		{C0876F35-757B-4EA7-8C78-D174CFAB6EB3}.Debug|Any CPU.Build.0 = Debug|Any CPU
		{C0876F35-757B-4EA7-8C78-D174CFAB6EB3}.Release|Any CPU.ActiveCfg = Release|Any CPU
		{C0876F35-757B-4EA7-8C78-D174CFAB6EB3}.Release|Any CPU.Build.0 = Release|Any CPU
		{7EC4AC0D-E4B0-432E-83FF-225F8767A1C2}.Debug|Any CPU.ActiveCfg = Debug|Any CPU
		{7EC4AC0D-E4B0-432E-83FF-225F8767A1C2}.Debug|Any CPU.Build.0 = Debug|Any CPU
		{7EC4AC0D-E4B0-432E-83FF-225F8767A1C2}.Release|Any CPU.ActiveCfg = Release|Any CPU
		{7EC4AC0D-E4B0-432E-83FF-225F8767A1C2}.Release|Any CPU.Build.0 = Release|Any CPU
		{F1D42E7B-C411-43B0-8BF0-9CD488696C35}.Debug|Any CPU.ActiveCfg = Debug|Any CPU
		{F1D42E7B-C411-43B0-8BF0-9CD488696C35}.Debug|Any CPU.Build.0 = Debug|Any CPU
		{F1D42E7B-C411-43B0-8BF0-9CD488696C35}.Release|Any CPU.ActiveCfg = Release|Any CPU
		{F1D42E7B-C411-43B0-8BF0-9CD488696C35}.Release|Any CPU.Build.0 = Release|Any CPU
		{FBA230CE-11D2-4C1D-97A5-6ED6A035CFB7}.Debug|Any CPU.ActiveCfg = Debug|Any CPU
		{FBA230CE-11D2-4C1D-97A5-6ED6A035CFB7}.Debug|Any CPU.Build.0 = Debug|Any CPU
		{FBA230CE-11D2-4C1D-97A5-6ED6A035CFB7}.Release|Any CPU.ActiveCfg = Release|Any CPU
		{FBA230CE-11D2-4C1D-97A5-6ED6A035CFB7}.Release|Any CPU.Build.0 = Release|Any CPU
		{3EE02446-F8F9-402F-B1D0-A60B5CB85E34}.Debug|Any CPU.ActiveCfg = Debug|Any CPU
		{3EE02446-F8F9-402F-B1D0-A60B5CB85E34}.Debug|Any CPU.Build.0 = Debug|Any CPU
		{3EE02446-F8F9-402F-B1D0-A60B5CB85E34}.Release|Any CPU.ActiveCfg = Release|Any CPU
		{3EE02446-F8F9-402F-B1D0-A60B5CB85E34}.Release|Any CPU.Build.0 = Release|Any CPU
		{1E4C9D01-8E7D-4065-B2F0-D75B4054E1FF}.Debug|Any CPU.ActiveCfg = Debug|Any CPU
		{1E4C9D01-8E7D-4065-B2F0-D75B4054E1FF}.Debug|Any CPU.Build.0 = Debug|Any CPU
		{1E4C9D01-8E7D-4065-B2F0-D75B4054E1FF}.Release|Any CPU.ActiveCfg = Release|Any CPU
		{1E4C9D01-8E7D-4065-B2F0-D75B4054E1FF}.Release|Any CPU.Build.0 = Release|Any CPU
		{6112B8B6-FF4B-4A97-A56D-09A2D2CFC7A1}.Debug|Any CPU.ActiveCfg = Debug|Any CPU
		{6112B8B6-FF4B-4A97-A56D-09A2D2CFC7A1}.Debug|Any CPU.Build.0 = Debug|Any CPU
		{6112B8B6-FF4B-4A97-A56D-09A2D2CFC7A1}.Release|Any CPU.ActiveCfg = Release|Any CPU
		{6112B8B6-FF4B-4A97-A56D-09A2D2CFC7A1}.Release|Any CPU.Build.0 = Release|Any CPU
		{956E331A-589C-44F1-91FD-535852236929}.Debug|Any CPU.ActiveCfg = Debug|Any CPU
		{956E331A-589C-44F1-91FD-535852236929}.Debug|Any CPU.Build.0 = Debug|Any CPU
		{956E331A-589C-44F1-91FD-535852236929}.Release|Any CPU.ActiveCfg = Release|Any CPU
		{956E331A-589C-44F1-91FD-535852236929}.Release|Any CPU.Build.0 = Release|Any CPU
		{B2E18C66-FBF6-4F31-B188-050D526100E1}.Debug|Any CPU.ActiveCfg = Debug|Any CPU
		{B2E18C66-FBF6-4F31-B188-050D526100E1}.Debug|Any CPU.Build.0 = Debug|Any CPU
		{B2E18C66-FBF6-4F31-B188-050D526100E1}.Release|Any CPU.ActiveCfg = Release|Any CPU
		{B2E18C66-FBF6-4F31-B188-050D526100E1}.Release|Any CPU.Build.0 = Release|Any CPU
		{484BF11F-58B9-4A7C-8434-AD24B50217BD}.Debug|Any CPU.ActiveCfg = Debug|Any CPU
		{484BF11F-58B9-4A7C-8434-AD24B50217BD}.Debug|Any CPU.Build.0 = Debug|Any CPU
		{484BF11F-58B9-4A7C-8434-AD24B50217BD}.Release|Any CPU.ActiveCfg = Release|Any CPU
		{484BF11F-58B9-4A7C-8434-AD24B50217BD}.Release|Any CPU.Build.0 = Release|Any CPU
	EndGlobalSection
	GlobalSection(SolutionProperties) = preSolution
		HideSolutionNode = FALSE
	EndGlobalSection
	GlobalSection(NestedProjects) = preSolution
		{5962804C-FEF1-4B6A-9C18-08C95BC1C423} = {4EA732AB-C740-46D0-8EDE-B21D51CF6AC8}
		{72E070B9-FFBB-4254-AB89-EB58F50ED40B} = {4EA732AB-C740-46D0-8EDE-B21D51CF6AC8}
		{C0876F35-757B-4EA7-8C78-D174CFAB6EB3} = {AB3D3C5C-F220-4E99-B6A9-8F7B4EA4FBB4}
		{7EC4AC0D-E4B0-432E-83FF-225F8767A1C2} = {AB3D3C5C-F220-4E99-B6A9-8F7B4EA4FBB4}
		{F1D42E7B-C411-43B0-8BF0-9CD488696C35} = {AB3D3C5C-F220-4E99-B6A9-8F7B4EA4FBB4}
		{FBA230CE-11D2-4C1D-97A5-6ED6A035CFB7} = {AB3D3C5C-F220-4E99-B6A9-8F7B4EA4FBB4}
		{3EE02446-F8F9-402F-B1D0-A60B5CB85E34} = {AB3D3C5C-F220-4E99-B6A9-8F7B4EA4FBB4}
		{1E4C9D01-8E7D-4065-B2F0-D75B4054E1FF} = {72E070B9-FFBB-4254-AB89-EB58F50ED40B}
		{6112B8B6-FF4B-4A97-A56D-09A2D2CFC7A1} = {5962804C-FEF1-4B6A-9C18-08C95BC1C423}
	EndGlobalSection
	GlobalSection(ExtensibilityGlobals) = postSolution
		SolutionGuid = {9ABE9BC5-FBB6-4480-BE7F-9A77C5FF9433}
	EndGlobalSection
EndGlobal
